# This file is automatically @generated by Poetry 1.8.2 and should not be changed by hand.

[[package]]
name = "antlr4-python3-runtime"
version = "4.7"
description = "ANTLR 4.7 runtime for Python 3.4.0"
optional = false
python-versions = "*"
files = [
    {file = "antlr4-python3-runtime-4.7.tar.gz", hash = "sha256:df12103a041553807e510f315542d36f48e43bdb9c444c5195ae4247cde799c7"},
]

[[package]]
name = "embasp-python"
version = "8.1.3"
description = "EmbASP is a framework for the integration of Logic Programming in external systems"
optional = false
python-versions = "*"
files = [
    {file = "embasp-python-8.1.3.tar.gz", hash = "sha256:2bcd1113850911808db4270f92789e357e9f6ac21b0fbc6c21a0a0ed73de3683"},
    {file = "embasp_python-8.1.3-py3-none-any.whl", hash = "sha256:491448f921e75f8e62fc8f95293ff4687af9cc997bde2577a34745ecab46a215"},
]

[package.dependencies]
antlr4-python3-runtime = "4.7"

[metadata]
lock-version = "2.0"
python-versions = "^3.12"
content-hash = "19884a4475469f0f69d5631370a93b0729f87a68329c9d13ded96a06efd62444"
